// !$*UTF8*$!
{
	archiveVersion = 1;
	classes = {
	};
	objectVersion = 50;
	objects = {

/* Begin PBXBuildFile section */
		9B946388225E2AF6001229A7 /* AppDelegate.swift in Sources */ = {isa = PBXBuildFile; fileRef = 9B946387225E2AF6001229A7 /* AppDelegate.swift */; };
		9B94638A225E2AF6001229A7 /* ViewController.swift in Sources */ = {isa = PBXBuildFile; fileRef = 9B946389225E2AF6001229A7 /* ViewController.swift */; };
		9B94638D225E2AF6001229A7 /* Main.storyboard in Resources */ = {isa = PBXBuildFile; fileRef = 9B94638B225E2AF6001229A7 /* Main.storyboard */; };
		9B94638F225E2AF8001229A7 /* Assets.xcassets in Resources */ = {isa = PBXBuildFile; fileRef = 9B94638E225E2AF8001229A7 /* Assets.xcassets */; };
		9B946392225E2AF8001229A7 /* LaunchScreen.storyboard in Resources */ = {isa = PBXBuildFile; fileRef = 9B946390225E2AF8001229A7 /* LaunchScreen.storyboard */; };
		9B94639A225E2B1B001229A7 /* StateProtocol.swift in Sources */ = {isa = PBXBuildFile; fileRef = 9B946399225E2B1B001229A7 /* StateProtocol.swift */; };
		9B94639C225E2B77001229A7 /* OnState.swift in Sources */ = {isa = PBXBuildFile; fileRef = 9B94639B225E2B77001229A7 /* OnState.swift */; };
		9B94639E225E2BC8001229A7 /* OffState.swift in Sources */ = {isa = PBXBuildFile; fileRef = 9B94639D225E2BC8001229A7 /* OffState.swift */; };
		9B9463A0225E2C19001229A7 /* Context.swift in Sources */ = {isa = PBXBuildFile; fileRef = 9B94639F225E2C19001229A7 /* Context.swift */; };
/* End PBXBuildFile section */

/* Begin PBXFileReference section */
		9B946384225E2AF6001229A7 /* StatePattern.app */ = {isa = PBXFileReference; explicitFileType = wrapper.application; includeInIndex = 0; path = StatePattern.app; sourceTree = BUILT_PRODUCTS_DIR; };
		9B946387225E2AF6001229A7 /* AppDelegate.swift */ = {isa = PBXFileReference; lastKnownFileType = sourcecode.swift; path = AppDelegate.swift; sourceTree = "<group>"; };
		9B946389225E2AF6001229A7 /* ViewController.swift */ = {isa = PBXFileReference; lastKnownFileType = sourcecode.swift; path = ViewController.swift; sourceTree = "<group>"; };
		9B94638C225E2AF6001229A7 /* Base */ = {isa = PBXFileReference; lastKnownFileType = file.storyboard; name = Base; path = Base.lproj/Main.storyboard; sourceTree = "<group>"; };
		9B94638E225E2AF8001229A7 /* Assets.xcassets */ = {isa = PBXFileReference; lastKnownFileType = folder.assetcatalog; path = Assets.xcassets; sourceTree = "<group>"; };
		9B946391225E2AF8001229A7 /* Base */ = {isa = PBXFileReference; lastKnownFileType = file.storyboard; name = Base; path = Base.lproj/LaunchScreen.storyboard; sourceTree = "<group>"; };
		9B946393225E2AF8001229A7 /* Info.plist */ = {isa = PBXFileReference; lastKnownFileType = text.plist.xml; path = Info.plist; sourceTree = "<group>"; };
		9B946399225E2B1B001229A7 /* StateProtocol.swift */ = {isa = PBXFileReference; lastKnownFileType = sourcecode.swift; path = StateProtocol.swift; sourceTree = "<group>"; };
		9B94639B225E2B77001229A7 /* OnState.swift */ = {isa = PBXFileReference; lastKnownFileType = sourcecode.swift; path = OnState.swift; sourceTree = "<group>"; };
		9B94639D225E2BC8001229A7 /* OffState.swift */ = {isa = PBXFileReference; lastKnownFileType = sourcecode.swift; path = OffState.swift; sourceTree = "<group>"; };
		9B94639F225E2C19001229A7 /* Context.swift */ = {isa = PBXFileReference; lastKnownFileType = sourcecode.swift; path = Context.swift; sourceTree = "<group>"; };
/* End PBXFileReference section */

/* Begin PBXFrameworksBuildPhase section */
		9B946381225E2AF6001229A7 /* Frameworks */ = {
			isa = PBXFrameworksBuildPhase;
			buildActionMask = 2147483647;
			files = (
			);
			runOnlyForDeploymentPostprocessing = 0;
		};
/* End PBXFrameworksBuildPhase section */

/* Begin PBXGroup section */
		9B94637B225E2AF6001229A7 = {
			isa = PBXGroup;
			children = (
				9B946386225E2AF6001229A7 /* StatePattern */,
				9B946385225E2AF6001229A7 /* Products */,
			);
			sourceTree = "<group>";
		};
		9B946385225E2AF6001229A7 /* Products */ = {
			isa = PBXGroup;
			children = (
				9B946384225E2AF6001229A7 /* StatePattern.app */,
			);
			name = Products;
			sourceTree = "<group>";
		};
		9B946386225E2AF6001229A7 /* StatePattern */ = {
			isa = PBXGroup;
			children = (
				9B946387225E2AF6001229A7 /* AppDelegate.swift */,
				9B946389225E2AF6001229A7 /* ViewController.swift */,
				9B946399225E2B1B001229A7 /* StateProtocol.swift */,
				9B94639B225E2B77001229A7 /* OnState.swift */,
				9B94639D225E2BC8001229A7 /* OffState.swift */,
				9B94639F225E2C19001229A7 /* Context.swift */,
				9B94638B225E2AF6001229A7 /* Main.storyboard */,
				9B94638E225E2AF8001229A7 /* Assets.xcassets */,
				9B946390225E2AF8001229A7 /* LaunchScreen.storyboard */,
				9B946393225E2AF8001229A7 /* Info.plist */,
			);
			path = StatePattern;
			sourceTree = "<group>";
		};
/* End PBXGroup section */

/* Begin PBXNativeTarget section */
		9B946383225E2AF6001229A7 /* StatePattern */ = {
			isa = PBXNativeTarget;
			buildConfigurationList = 9B946396225E2AF8001229A7 /* Build configuration list for PBXNativeTarget "StatePattern" */;
			buildPhases = (
				9B946380225E2AF6001229A7 /* Sources */,
				9B946381225E2AF6001229A7 /* Frameworks */,
				9B946382225E2AF6001229A7 /* Resources */,
			);
			buildRules = (
			);
			dependencies = (
			);
			name = StatePattern;
			productName = StatePattern;
			productReference = 9B946384225E2AF6001229A7 /* StatePattern.app */;
			productType = "com.apple.product-type.application";
		};
/* End PBXNativeTarget section */

/* Begin PBXProject section */
		9B94637C225E2AF6001229A7 /* Project object */ = {
			isa = PBXProject;
			attributes = {
				LastSwiftUpdateCheck = 1020;
				LastUpgradeCheck = 1020;
				ORGANIZATIONNAME = wanglei;
				TargetAttributes = {
					9B946383225E2AF6001229A7 = {
						CreatedOnToolsVersion = 10.2;
					};
				};
			};
			buildConfigurationList = 9B94637F225E2AF6001229A7 /* Build configuration list for PBXProject "StatePattern" */;
			compatibilityVersion = "Xcode 9.3";
			developmentRegion = en;
			hasScannedForEncodings = 0;
			knownRegions = (
				en,
				Base,
			);
			mainGroup = 9B94637B225E2AF6001229A7;
			productRefGroup = 9B946385225E2AF6001229A7 /* Products */;
			projectDirPath = "";
			projectRoot = "";
			targets = (
				9B946383225E2AF6001229A7 /* StatePattern */,
			);
		};
/* End PBXProject section */

/* Begin PBXResourcesBuildPhase section */
		9B946382225E2AF6001229A7 /* Resources */ = {
			isa = PBXResourcesBuildPhase;
			buildActionMask = 2147483647;
			files = (
				9B946392225E2AF8001229A7 /* LaunchScreen.storyboard in Resources */,
				9B94638F225E2AF8001229A7 /* Assets.xcassets in Resources */,
				9B94638D225E2AF6001229A7 /* Main.storyboard in Resources */,
			);
			runOnlyForDeploymentPostprocessing = 0;
		};
/* End PBXResourcesBuildPhase section */

/* Begin PBXSourcesBuildPhase section */
		9B946380225E2AF6001229A7 /* Sources */ = {
			isa = PBXSourcesBuildPhase;
			buildActionMask = 2147483647;
			files = (
				9B94639E225E2BC8001229A7 /* OffState.swift in Sources */,
				9B94638A225E2AF6001229A7 /* ViewController.swift in Sources */,
				9B94639A225E2B1B001229A7 /* StateProtocol.swift in Sources */,
				9B9463A0225E2C19001229A7 /* Context.swift in Sources */,
				9B94639C225E2B77001229A7 /* OnState.swift in Sources */,
				9B946388225E2AF6001229A7 /* AppDelegate.swift in Sources */,
			);
			runOnlyForDeploymentPostprocessing = 0;
		};
/* End PBXSourcesBuildPhase section */

/* Begin PBXVariantGroup section */
		9B94638B225E2AF6001229A7 /* Main.storyboard */ = {
			isa = PBXVariantGroup;
			children = (
				9B94638C225E2AF6001229A7 /* Base */,
			);
			name = Main.storyboard;
			sourceTree = "<group>";
		};
		9B946390225E2AF8001229A7 /* LaunchScreen.storyboard */ = {
			isa = PBXVariantGroup;
			children = (
				9B946391225E2AF8001229A7 /* Base */,
			);
			name = LaunchScreen.storyboard;
			sourceTree = "<group>";
		};
/* End PBXVariantGroup section */

/* Begin XCBuildConfiguration section */
		9B946394225E2AF8001229A7 /* Debug */ = {
			isa = XCBuildConfiguration;
			buildSettings = {
				ALWAYS_SEARCH_USER_PATHS = NO;
				CLANG_ANALYZER_NONNULL = YES;
				CLANG_ANALYZER_NUMBER_OBJECT_CONVERSION = YES_AGGRESSIVE;
				CLANG_CXX_LANGUAGE_STANDARD = "gnu++14";
				CLANG_CXX_LIBRARY = "libc++";
				CLANG_ENABLE_MODULES = YES;
				CLANG_ENABLE_OBJC_ARC = YES;
				CLANG_ENABLE_OBJC_WEAK = YES;
				CLANG_WARN_BLOCK_CAPTURE_AUTORELEASING = YES;
				CLANG_WARN_BOOL_CONVERSION = YES;
				CLANG_WARN_COMMA = YES;
				CLANG_WARN_CONSTANT_CONVERSION = YES;
				CLANG_WARN_DEPRECATED_OBJC_IMPLEMENTATIONS = YES;
				CLANG_WARN_DIRECT_OBJC_ISA_USAGE = YES_ERROR;
				CLANG_WARN_DOCUMENTATION_COMMENTS = YES;
				CLANG_WARN_EMPTY_BODY = YES;
				CLANG_WARN_ENUM_CONVERSION = YES;
				CLANG_WARN_INFINITE_RECURSION = YES;
				CLANG_WARN_INT_CONVERSION = YES;
				CLANG_WARN_NON_LITERAL_NULL_CONVERSION = YES;
				CLANG_WARN_OBJC_IMPLICIT_RETAIN_SELF = YES;
				CLANG_WARN_OBJC_LITERAL_CONVERSION = YES;
				CLANG_WARN_OBJC_ROOT_CLASS = YES_ERROR;
				CLANG_WARN_RANGE_LOOP_ANALYSIS = YES;
				CLANG_WARN_STRICT_PROTOTYPES = YES;
				CLANG_WARN_SUSPICIOUS_MOVE = YES;
				CLANG_WARN_UNGUARDED_AVAILABILITY = YES_AGGRESSIVE;
				CLANG_WARN_UNREACHABLE_CODE = YES;
				CLANG_WARN__DUPLICATE_METHOD_MATCH = YES;
				CODE_SIGN_IDENTITY = "iPhone Developer";
				COPY_PHASE_STRIP = NO;
				DEBUG_INFORMATION_FORMAT = dwarf;
				ENABLE_STRICT_OBJC_MSGSEND = YES;
				ENABLE_TESTABILITY = YES;
				GCC_C_LANGUAGE_STANDARD = gnu11;
				GCC_DYNAMIC_NO_PIC = NO;
				GCC_NO_COMMON_BLOCKS = YES;
				GCC_OPTIMIZATION_LEVEL = 0;
				GCC_PREPROCESSOR_DEFINITIONS = (
					"DEBUG=1",
					"$(inherited)",
				);
				GCC_WARN_64_TO_32_BIT_CONVERSION = YES;
				GCC_WARN_ABOUT_RETURN_TYPE = YES_ERROR;
				GCC_WARN_UNDECLARED_SELECTOR = YES;
				GCC_WARN_UNINITIALIZED_AUTOS = YES_AGGRESSIVE;
				GCC_WARN_UNUSED_FUNCTION = YES;
				GCC_WARN_UNUSED_VARIABLE = YES;
				IPHONEOS_DEPLOYMENT_TARGET = 12.2;
				MTL_ENABLE_DEBUG_INFO = INCLUDE_SOURCE;
				MTL_FAST_MATH = YES;
				ONLY_ACTIVE_ARCH = YES;
				SDKROOT = iphoneos;
				SWIFT_ACTIVE_COMPILATION_CONDITIONS = DEBUG;
				SWIFT_OPTIMIZATION_LEVEL = "-Onone";
			};
			name = Debug;
		};
		9B946395225E2AF8001229A7 /* Release */ = {
			isa = XCBuildConfiguration;
			buildSettings = {
				ALWAYS_SEARCH_USER_PATHS = NO;
				CLANG_ANALYZER_NONNULL = YES;
				CLANG_ANALYZER_NUMBER_OBJECT_CONVERSION = YES_AGGRESSIVE;
				CLANG_CXX_LANGUAGE_STANDARD = "gnu++14";
				CLANG_CXX_LIBRARY = "libc++";
				CLANG_ENABLE_MODULES = YES;
				CLANG_ENABLE_OBJC_ARC = YES;
				CLANG_ENABLE_OBJC_WEAK = YES;
				CLANG_WARN_BLOCK_CAPTURE_AUTORELEASING = YES;
				CLANG_WARN_BOOL_CONVERSION = YES;
				CLANG_WARN_COMMA = YES;
				CLANG_WARN_CONSTANT_CONVERSION = YES;
				CLANG_WARN_DEPRECATED_OBJC_IMPLEMENTATIONS = YES;
				CLANG_WARN_DIRECT_OBJC_ISA_USAGE = YES_ERROR;
				CLANG_WARN_DOCUMENTATION_COMMENTS = YES;
				CLANG_WARN_EMPTY_BODY = YES;
				CLANG_WARN_ENUM_CONVERSION = YES;
				CLANG_WARN_INFINITE_RECURSION = YES;
				CLANG_WARN_INT_CONVERSION = YES;
				CLANG_WARN_NON_LITERAL_NULL_CONVERSION = YES;
				CLANG_WARN_OBJC_IMPLICIT_RETAIN_SELF = YES;
				CLANG_WARN_OBJC_LITERAL_CONVERSION = YES;
				CLANG_WARN_OBJC_ROOT_CLASS = YES_ERROR;
				CLANG_WARN_RANGE_LOOP_ANALYSIS = YES;
				CLANG_WARN_STRICT_PROTOTYPES = YES;
				CLANG_WARN_SUSPICIOUS_MOVE = YES;
				CLANG_WARN_UNGUARDED_AVAILABILITY = YES_AGGRESSIVE;
				CLANG_WARN_UNREACHABLE_CODE = YES;
				CLANG_WARN__DUPLICATE_METHOD_MATCH = YES;
				CODE_SIGN_IDENTITY = "iPhone Developer";
				COPY_PHASE_STRIP = NO;
				DEBUG_INFORMATION_FORMAT = "dwarf-with-dsym";
				ENABLE_NS_ASSERTIONS = NO;
				ENABLE_STRICT_OBJC_MSGSEND = YES;
				GCC_C_LANGUAGE_STANDARD = gnu11;
				GCC_NO_COMMON_BLOCKS = YES;
				GCC_WARN_64_TO_32_BIT_CONVERSION = YES;
				GCC_WARN_ABOUT_RETURN_TYPE = YES_ERROR;
				GCC_WARN_UNDECLARED_SELECTOR = YES;
				GCC_WARN_UNINITIALIZED_AUTOS = YES_AGGRESSIVE;
				GCC_WARN_UNUSED_FUNCTION = YES;
				GCC_WARN_UNUSED_VARIABLE = YES;
				IPHONEOS_DEPLOYMENT_TARGET = 12.2;
				MTL_ENABLE_DEBUG_INFO = NO;
				MTL_FAST_MATH = YES;
				SDKROOT = iphoneos;
				SWIFT_COMPILATION_MODE = wholemodule;
				SWIFT_OPTIMIZATION_LEVEL = "-O";
				VALIDATE_PRODUCT = YES;
			};
			name = Release;
		};
		9B946397225E2AF8001229A7 /* Debug */ = {
			isa = XCBuildConfiguration;
			buildSettings = {
				ASSETCATALOG_COMPILER_APPICON_NAME = AppIcon;
				CODE_SIGN_STYLE = Automatic;
				INFOPLIST_FILE = StatePattern/Info.plist;
				LD_RUNPATH_SEARCH_PATHS = (
					"$(inherited)",
					"@executable_path/Frameworks",
				);
				PRODUCT_BUNDLE_IDENTIFIER = "com.test.-.StatePattern";
				PRODUCT_NAME = "$(TARGET_NAME)";
				SWIFT_VERSION = 5.0;
				TARGETED_DEVICE_FAMILY = "1,2";
			};
			name = Debug;
		};
		9B946398225E2AF8001229A7 /* Release */ = {
			isa = XCBuildConfiguration;
			buildSettings = {
				ASSETCATALOG_COMPILER_APPICON_NAME = AppIcon;
				CODE_SIGN_STYLE = Automatic;
				INFOPLIST_FILE = StatePattern/Info.plist;
				LD_RUNPATH_SEARCH_PATHS = (
					"$(inherited)",
					"@executable_path/Frameworks",
				);
				PRODUCT_BUNDLE_IDENTIFIER = "com.test.-.StatePattern";
				PRODUCT_NAME = "$(TARGET_NAME)";
				SWIFT_VERSION = 5.0;
				TARGETED_DEVICE_FAMILY = "1,2";
			};
			name = Release;
		};
/* End XCBuildConfiguration section */

/* Begin XCConfigurationList section */
		9B94637F225E2AF6001229A7 /* Build configuration list for PBXProject "StatePattern" */ = {
			isa = XCConfigurationList;
			buildConfigurations = (
				9B946394225E2AF8001229A7 /* Debug */,
				9B946395225E2AF8001229A7 /* Release */,
			);
			defaultConfigurationIsVisible = 0;
			defaultConfigurationName = Release;
		};
		9B946396225E2AF8001229A7 /* Build configuration list for PBXNativeTarget "StatePattern" */ = {
			isa = XCConfigurationList;
			buildConfigurations = (
				9B946397225E2AF8001229A7 /* Debug */,
				9B946398225E2AF8001229A7 /* Release */,
			);
			defaultConfigurationIsVisible = 0;
			defaultConfigurationName = Release;
		};
/* End XCConfigurationList section */
	};
	rootObject = 9B94637C225E2AF6001229A7 /* Project object */;
}
