// !$*UTF8*$!
{
	archiveVersion = 1;
	classes = {
	};
	objectVersion = 50;
	objects = {

/* Begin PBXBuildFile section */
		9B1ACC99226194B200ED4FD2 /* AppDelegate.swift in Sources */ = {isa = PBXBuildFile; fileRef = 9B1ACC98226194B200ED4FD2 /* AppDelegate.swift */; };
		9B1ACC9B226194B200ED4FD2 /* ViewController.swift in Sources */ = {isa = PBXBuildFile; fileRef = 9B1ACC9A226194B200ED4FD2 /* ViewController.swift */; };
		9B1ACC9E226194B200ED4FD2 /* Main.storyboard in Resources */ = {isa = PBXBuildFile; fileRef = 9B1ACC9C226194B200ED4FD2 /* Main.storyboard */; };
		9B1ACCA0226194B400ED4FD2 /* Assets.xcassets in Resources */ = {isa = PBXBuildFile; fileRef = 9B1ACC9F226194B400ED4FD2 /* Assets.xcassets */; };
		9B1ACCA3226194B400ED4FD2 /* LaunchScreen.storyboard in Resources */ = {isa = PBXBuildFile; fileRef = 9B1ACCA1226194B400ED4FD2 /* LaunchScreen.storyboard */; };
		9B1ACCAB2261950900ED4FD2 /* ExpressionProtocol.swift in Sources */ = {isa = PBXBuildFile; fileRef = 9B1ACCAA2261950900ED4FD2 /* ExpressionProtocol.swift */; };
		9B1ACCAD2261955300ED4FD2 /* TerminatorExpression.swift in Sources */ = {isa = PBXBuildFile; fileRef = 9B1ACCAC2261955300ED4FD2 /* TerminatorExpression.swift */; };
		9B1ACCAF226195DD00ED4FD2 /* NonTerminalExpression.swift in Sources */ = {isa = PBXBuildFile; fileRef = 9B1ACCAE226195DD00ED4FD2 /* NonTerminalExpression.swift */; };
		9B1ACCB12261974C00ED4FD2 /* Context.swift in Sources */ = {isa = PBXBuildFile; fileRef = 9B1ACCB02261974C00ED4FD2 /* Context.swift */; };
/* End PBXBuildFile section */

/* Begin PBXFileReference section */
		9B1ACC95226194B200ED4FD2 /* ParserPattern.app */ = {isa = PBXFileReference; explicitFileType = wrapper.application; includeInIndex = 0; path = ParserPattern.app; sourceTree = BUILT_PRODUCTS_DIR; };
		9B1ACC98226194B200ED4FD2 /* AppDelegate.swift */ = {isa = PBXFileReference; lastKnownFileType = sourcecode.swift; path = AppDelegate.swift; sourceTree = "<group>"; };
		9B1ACC9A226194B200ED4FD2 /* ViewController.swift */ = {isa = PBXFileReference; lastKnownFileType = sourcecode.swift; path = ViewController.swift; sourceTree = "<group>"; };
		9B1ACC9D226194B200ED4FD2 /* Base */ = {isa = PBXFileReference; lastKnownFileType = file.storyboard; name = Base; path = Base.lproj/Main.storyboard; sourceTree = "<group>"; };
		9B1ACC9F226194B400ED4FD2 /* Assets.xcassets */ = {isa = PBXFileReference; lastKnownFileType = folder.assetcatalog; path = Assets.xcassets; sourceTree = "<group>"; };
		9B1ACCA2226194B400ED4FD2 /* Base */ = {isa = PBXFileReference; lastKnownFileType = file.storyboard; name = Base; path = Base.lproj/LaunchScreen.storyboard; sourceTree = "<group>"; };
		9B1ACCA4226194B400ED4FD2 /* Info.plist */ = {isa = PBXFileReference; lastKnownFileType = text.plist.xml; path = Info.plist; sourceTree = "<group>"; };
		9B1ACCAA2261950900ED4FD2 /* ExpressionProtocol.swift */ = {isa = PBXFileReference; lastKnownFileType = sourcecode.swift; path = ExpressionProtocol.swift; sourceTree = "<group>"; };
		9B1ACCAC2261955300ED4FD2 /* TerminatorExpression.swift */ = {isa = PBXFileReference; lastKnownFileType = sourcecode.swift; path = TerminatorExpression.swift; sourceTree = "<group>"; };
		9B1ACCAE226195DD00ED4FD2 /* NonTerminalExpression.swift */ = {isa = PBXFileReference; lastKnownFileType = sourcecode.swift; path = NonTerminalExpression.swift; sourceTree = "<group>"; };
		9B1ACCB02261974C00ED4FD2 /* Context.swift */ = {isa = PBXFileReference; lastKnownFileType = sourcecode.swift; path = Context.swift; sourceTree = "<group>"; };
/* End PBXFileReference section */

/* Begin PBXFrameworksBuildPhase section */
		9B1ACC92226194B200ED4FD2 /* Frameworks */ = {
			isa = PBXFrameworksBuildPhase;
			buildActionMask = 2147483647;
			files = (
			);
			runOnlyForDeploymentPostprocessing = 0;
		};
/* End PBXFrameworksBuildPhase section */

/* Begin PBXGroup section */
		9B1ACC8C226194B100ED4FD2 = {
			isa = PBXGroup;
			children = (
				9B1ACC97226194B200ED4FD2 /* ParserPattern */,
				9B1ACC96226194B200ED4FD2 /* Products */,
			);
			sourceTree = "<group>";
		};
		9B1ACC96226194B200ED4FD2 /* Products */ = {
			isa = PBXGroup;
			children = (
				9B1ACC95226194B200ED4FD2 /* ParserPattern.app */,
			);
			name = Products;
			sourceTree = "<group>";
		};
		9B1ACC97226194B200ED4FD2 /* ParserPattern */ = {
			isa = PBXGroup;
			children = (
				9B1ACC98226194B200ED4FD2 /* AppDelegate.swift */,
				9B1ACC9A226194B200ED4FD2 /* ViewController.swift */,
				9B1ACCAA2261950900ED4FD2 /* ExpressionProtocol.swift */,
				9B1ACCAC2261955300ED4FD2 /* TerminatorExpression.swift */,
				9B1ACCAE226195DD00ED4FD2 /* NonTerminalExpression.swift */,
				9B1ACCB02261974C00ED4FD2 /* Context.swift */,
				9B1ACC9C226194B200ED4FD2 /* Main.storyboard */,
				9B1ACC9F226194B400ED4FD2 /* Assets.xcassets */,
				9B1ACCA1226194B400ED4FD2 /* LaunchScreen.storyboard */,
				9B1ACCA4226194B400ED4FD2 /* Info.plist */,
			);
			path = ParserPattern;
			sourceTree = "<group>";
		};
/* End PBXGroup section */

/* Begin PBXNativeTarget section */
		9B1ACC94226194B200ED4FD2 /* ParserPattern */ = {
			isa = PBXNativeTarget;
			buildConfigurationList = 9B1ACCA7226194B400ED4FD2 /* Build configuration list for PBXNativeTarget "ParserPattern" */;
			buildPhases = (
				9B1ACC91226194B200ED4FD2 /* Sources */,
				9B1ACC92226194B200ED4FD2 /* Frameworks */,
				9B1ACC93226194B200ED4FD2 /* Resources */,
			);
			buildRules = (
			);
			dependencies = (
			);
			name = ParserPattern;
			productName = ParserPattern;
			productReference = 9B1ACC95226194B200ED4FD2 /* ParserPattern.app */;
			productType = "com.apple.product-type.application";
		};
/* End PBXNativeTarget section */

/* Begin PBXProject section */
		9B1ACC8D226194B100ED4FD2 /* Project object */ = {
			isa = PBXProject;
			attributes = {
				LastSwiftUpdateCheck = 1020;
				LastUpgradeCheck = 1020;
				ORGANIZATIONNAME = wanglei;
				TargetAttributes = {
					9B1ACC94226194B200ED4FD2 = {
						CreatedOnToolsVersion = 10.2;
					};
				};
			};
			buildConfigurationList = 9B1ACC90226194B100ED4FD2 /* Build configuration list for PBXProject "ParserPattern" */;
			compatibilityVersion = "Xcode 9.3";
			developmentRegion = en;
			hasScannedForEncodings = 0;
			knownRegions = (
				en,
				Base,
			);
			mainGroup = 9B1ACC8C226194B100ED4FD2;
			productRefGroup = 9B1ACC96226194B200ED4FD2 /* Products */;
			projectDirPath = "";
			projectRoot = "";
			targets = (
				9B1ACC94226194B200ED4FD2 /* ParserPattern */,
			);
		};
/* End PBXProject section */

/* Begin PBXResourcesBuildPhase section */
		9B1ACC93226194B200ED4FD2 /* Resources */ = {
			isa = PBXResourcesBuildPhase;
			buildActionMask = 2147483647;
			files = (
				9B1ACCA3226194B400ED4FD2 /* LaunchScreen.storyboard in Resources */,
				9B1ACCA0226194B400ED4FD2 /* Assets.xcassets in Resources */,
				9B1ACC9E226194B200ED4FD2 /* Main.storyboard in Resources */,
			);
			runOnlyForDeploymentPostprocessing = 0;
		};
/* End PBXResourcesBuildPhase section */

/* Begin PBXSourcesBuildPhase section */
		9B1ACC91226194B200ED4FD2 /* Sources */ = {
			isa = PBXSourcesBuildPhase;
			buildActionMask = 2147483647;
			files = (
				9B1ACCAB2261950900ED4FD2 /* ExpressionProtocol.swift in Sources */,
				9B1ACCAF226195DD00ED4FD2 /* NonTerminalExpression.swift in Sources */,
				9B1ACC9B226194B200ED4FD2 /* ViewController.swift in Sources */,
				9B1ACCB12261974C00ED4FD2 /* Context.swift in Sources */,
				9B1ACCAD2261955300ED4FD2 /* TerminatorExpression.swift in Sources */,
				9B1ACC99226194B200ED4FD2 /* AppDelegate.swift in Sources */,
			);
			runOnlyForDeploymentPostprocessing = 0;
		};
/* End PBXSourcesBuildPhase section */

/* Begin PBXVariantGroup section */
		9B1ACC9C226194B200ED4FD2 /* Main.storyboard */ = {
			isa = PBXVariantGroup;
			children = (
				9B1ACC9D226194B200ED4FD2 /* Base */,
			);
			name = Main.storyboard;
			sourceTree = "<group>";
		};
		9B1ACCA1226194B400ED4FD2 /* LaunchScreen.storyboard */ = {
			isa = PBXVariantGroup;
			children = (
				9B1ACCA2226194B400ED4FD2 /* Base */,
			);
			name = LaunchScreen.storyboard;
			sourceTree = "<group>";
		};
/* End PBXVariantGroup section */

/* Begin XCBuildConfiguration section */
		9B1ACCA5226194B400ED4FD2 /* Debug */ = {
			isa = XCBuildConfiguration;
			buildSettings = {
				ALWAYS_SEARCH_USER_PATHS = NO;
				CLANG_ANALYZER_NONNULL = YES;
				CLANG_ANALYZER_NUMBER_OBJECT_CONVERSION = YES_AGGRESSIVE;
				CLANG_CXX_LANGUAGE_STANDARD = "gnu++14";
				CLANG_CXX_LIBRARY = "libc++";
				CLANG_ENABLE_MODULES = YES;
				CLANG_ENABLE_OBJC_ARC = YES;
				CLANG_ENABLE_OBJC_WEAK = YES;
				CLANG_WARN_BLOCK_CAPTURE_AUTORELEASING = YES;
				CLANG_WARN_BOOL_CONVERSION = YES;
				CLANG_WARN_COMMA = YES;
				CLANG_WARN_CONSTANT_CONVERSION = YES;
				CLANG_WARN_DEPRECATED_OBJC_IMPLEMENTATIONS = YES;
				CLANG_WARN_DIRECT_OBJC_ISA_USAGE = YES_ERROR;
				CLANG_WARN_DOCUMENTATION_COMMENTS = YES;
				CLANG_WARN_EMPTY_BODY = YES;
				CLANG_WARN_ENUM_CONVERSION = YES;
				CLANG_WARN_INFINITE_RECURSION = YES;
				CLANG_WARN_INT_CONVERSION = YES;
				CLANG_WARN_NON_LITERAL_NULL_CONVERSION = YES;
				CLANG_WARN_OBJC_IMPLICIT_RETAIN_SELF = YES;
				CLANG_WARN_OBJC_LITERAL_CONVERSION = YES;
				CLANG_WARN_OBJC_ROOT_CLASS = YES_ERROR;
				CLANG_WARN_RANGE_LOOP_ANALYSIS = YES;
				CLANG_WARN_STRICT_PROTOTYPES = YES;
				CLANG_WARN_SUSPICIOUS_MOVE = YES;
				CLANG_WARN_UNGUARDED_AVAILABILITY = YES_AGGRESSIVE;
				CLANG_WARN_UNREACHABLE_CODE = YES;
				CLANG_WARN__DUPLICATE_METHOD_MATCH = YES;
				CODE_SIGN_IDENTITY = "iPhone Developer";
				COPY_PHASE_STRIP = NO;
				DEBUG_INFORMATION_FORMAT = dwarf;
				ENABLE_STRICT_OBJC_MSGSEND = YES;
				ENABLE_TESTABILITY = YES;
				GCC_C_LANGUAGE_STANDARD = gnu11;
				GCC_DYNAMIC_NO_PIC = NO;
				GCC_NO_COMMON_BLOCKS = YES;
				GCC_OPTIMIZATION_LEVEL = 0;
				GCC_PREPROCESSOR_DEFINITIONS = (
					"DEBUG=1",
					"$(inherited)",
				);
				GCC_WARN_64_TO_32_BIT_CONVERSION = YES;
				GCC_WARN_ABOUT_RETURN_TYPE = YES_ERROR;
				GCC_WARN_UNDECLARED_SELECTOR = YES;
				GCC_WARN_UNINITIALIZED_AUTOS = YES_AGGRESSIVE;
				GCC_WARN_UNUSED_FUNCTION = YES;
				GCC_WARN_UNUSED_VARIABLE = YES;
				IPHONEOS_DEPLOYMENT_TARGET = 12.2;
				MTL_ENABLE_DEBUG_INFO = INCLUDE_SOURCE;
				MTL_FAST_MATH = YES;
				ONLY_ACTIVE_ARCH = YES;
				SDKROOT = iphoneos;
				SWIFT_ACTIVE_COMPILATION_CONDITIONS = DEBUG;
				SWIFT_OPTIMIZATION_LEVEL = "-Onone";
			};
			name = Debug;
		};
		9B1ACCA6226194B400ED4FD2 /* Release */ = {
			isa = XCBuildConfiguration;
			buildSettings = {
				ALWAYS_SEARCH_USER_PATHS = NO;
				CLANG_ANALYZER_NONNULL = YES;
				CLANG_ANALYZER_NUMBER_OBJECT_CONVERSION = YES_AGGRESSIVE;
				CLANG_CXX_LANGUAGE_STANDARD = "gnu++14";
				CLANG_CXX_LIBRARY = "libc++";
				CLANG_ENABLE_MODULES = YES;
				CLANG_ENABLE_OBJC_ARC = YES;
				CLANG_ENABLE_OBJC_WEAK = YES;
				CLANG_WARN_BLOCK_CAPTURE_AUTORELEASING = YES;
				CLANG_WARN_BOOL_CONVERSION = YES;
				CLANG_WARN_COMMA = YES;
				CLANG_WARN_CONSTANT_CONVERSION = YES;
				CLANG_WARN_DEPRECATED_OBJC_IMPLEMENTATIONS = YES;
				CLANG_WARN_DIRECT_OBJC_ISA_USAGE = YES_ERROR;
				CLANG_WARN_DOCUMENTATION_COMMENTS = YES;
				CLANG_WARN_EMPTY_BODY = YES;
				CLANG_WARN_ENUM_CONVERSION = YES;
				CLANG_WARN_INFINITE_RECURSION = YES;
				CLANG_WARN_INT_CONVERSION = YES;
				CLANG_WARN_NON_LITERAL_NULL_CONVERSION = YES;
				CLANG_WARN_OBJC_IMPLICIT_RETAIN_SELF = YES;
				CLANG_WARN_OBJC_LITERAL_CONVERSION = YES;
				CLANG_WARN_OBJC_ROOT_CLASS = YES_ERROR;
				CLANG_WARN_RANGE_LOOP_ANALYSIS = YES;
				CLANG_WARN_STRICT_PROTOTYPES = YES;
				CLANG_WARN_SUSPICIOUS_MOVE = YES;
				CLANG_WARN_UNGUARDED_AVAILABILITY = YES_AGGRESSIVE;
				CLANG_WARN_UNREACHABLE_CODE = YES;
				CLANG_WARN__DUPLICATE_METHOD_MATCH = YES;
				CODE_SIGN_IDENTITY = "iPhone Developer";
				COPY_PHASE_STRIP = NO;
				DEBUG_INFORMATION_FORMAT = "dwarf-with-dsym";
				ENABLE_NS_ASSERTIONS = NO;
				ENABLE_STRICT_OBJC_MSGSEND = YES;
				GCC_C_LANGUAGE_STANDARD = gnu11;
				GCC_NO_COMMON_BLOCKS = YES;
				GCC_WARN_64_TO_32_BIT_CONVERSION = YES;
				GCC_WARN_ABOUT_RETURN_TYPE = YES_ERROR;
				GCC_WARN_UNDECLARED_SELECTOR = YES;
				GCC_WARN_UNINITIALIZED_AUTOS = YES_AGGRESSIVE;
				GCC_WARN_UNUSED_FUNCTION = YES;
				GCC_WARN_UNUSED_VARIABLE = YES;
				IPHONEOS_DEPLOYMENT_TARGET = 12.2;
				MTL_ENABLE_DEBUG_INFO = NO;
				MTL_FAST_MATH = YES;
				SDKROOT = iphoneos;
				SWIFT_COMPILATION_MODE = wholemodule;
				SWIFT_OPTIMIZATION_LEVEL = "-O";
				VALIDATE_PRODUCT = YES;
			};
			name = Release;
		};
		9B1ACCA8226194B400ED4FD2 /* Debug */ = {
			isa = XCBuildConfiguration;
			buildSettings = {
				ASSETCATALOG_COMPILER_APPICON_NAME = AppIcon;
				CODE_SIGN_STYLE = Automatic;
				INFOPLIST_FILE = ParserPattern/Info.plist;
				LD_RUNPATH_SEARCH_PATHS = (
					"$(inherited)",
					"@executable_path/Frameworks",
				);
				PRODUCT_BUNDLE_IDENTIFIER = "com.test.-.ParserPattern";
				PRODUCT_NAME = "$(TARGET_NAME)";
				SWIFT_VERSION = 5.0;
				TARGETED_DEVICE_FAMILY = "1,2";
			};
			name = Debug;
		};
		9B1ACCA9226194B400ED4FD2 /* Release */ = {
			isa = XCBuildConfiguration;
			buildSettings = {
				ASSETCATALOG_COMPILER_APPICON_NAME = AppIcon;
				CODE_SIGN_STYLE = Automatic;
				INFOPLIST_FILE = ParserPattern/Info.plist;
				LD_RUNPATH_SEARCH_PATHS = (
					"$(inherited)",
					"@executable_path/Frameworks",
				);
				PRODUCT_BUNDLE_IDENTIFIER = "com.test.-.ParserPattern";
				PRODUCT_NAME = "$(TARGET_NAME)";
				SWIFT_VERSION = 5.0;
				TARGETED_DEVICE_FAMILY = "1,2";
			};
			name = Release;
		};
/* End XCBuildConfiguration section */

/* Begin XCConfigurationList section */
		9B1ACC90226194B100ED4FD2 /* Build configuration list for PBXProject "ParserPattern" */ = {
			isa = XCConfigurationList;
			buildConfigurations = (
				9B1ACCA5226194B400ED4FD2 /* Debug */,
				9B1ACCA6226194B400ED4FD2 /* Release */,
			);
			defaultConfigurationIsVisible = 0;
			defaultConfigurationName = Release;
		};
		9B1ACCA7226194B400ED4FD2 /* Build configuration list for PBXNativeTarget "ParserPattern" */ = {
			isa = XCConfigurationList;
			buildConfigurations = (
				9B1ACCA8226194B400ED4FD2 /* Debug */,
				9B1ACCA9226194B400ED4FD2 /* Release */,
			);
			defaultConfigurationIsVisible = 0;
			defaultConfigurationName = Release;
		};
/* End XCConfigurationList section */
	};
	rootObject = 9B1ACC8D226194B100ED4FD2 /* Project object */;
}
