// !$*UTF8*$!
{
	archiveVersion = 1;
	classes = {
	};
	objectVersion = 50;
	objects = {

/* Begin PBXBuildFile section */
		9BEDC9A2223DF8B5006CC253 /* main.swift in Sources */ = {isa = PBXBuildFile; fileRef = 9BEDC9A1223DF8B5006CC253 /* main.swift */; };
		9BEDC9A9223DFBA5006CC253 /* TetrisMachine.swift in Sources */ = {isa = PBXBuildFile; fileRef = 9BEDC9A8223DFBA5006CC253 /* TetrisMachine.swift */; };
		9BEDC9AB223DFBFD006CC253 /* TMCommondProtocol.swift in Sources */ = {isa = PBXBuildFile; fileRef = 9BEDC9AA223DFBFD006CC253 /* TMCommondProtocol.swift */; };
		9BEDC9AD223DFC40006CC253 /* TMDynamicCommond.swift in Sources */ = {isa = PBXBuildFile; fileRef = 9BEDC9AC223DFC40006CC253 /* TMDynamicCommond.swift */; };
		9BEDC9AF223DFC7B006CC253 /* TMCommondManager.swift in Sources */ = {isa = PBXBuildFile; fileRef = 9BEDC9AE223DFC7B006CC253 /* TMCommondManager.swift */; };
/* End PBXBuildFile section */

/* Begin PBXCopyFilesBuildPhase section */
		9BEDC99C223DF8B5006CC253 /* CopyFiles */ = {
			isa = PBXCopyFilesBuildPhase;
			buildActionMask = 2147483647;
			dstPath = /usr/share/man/man1/;
			dstSubfolderSpec = 0;
			files = (
			);
			runOnlyForDeploymentPostprocessing = 1;
		};
/* End PBXCopyFilesBuildPhase section */

/* Begin PBXFileReference section */
		9BEDC99E223DF8B5006CC253 /* DynamicCommond */ = {isa = PBXFileReference; explicitFileType = "compiled.mach-o.executable"; includeInIndex = 0; path = DynamicCommond; sourceTree = BUILT_PRODUCTS_DIR; };
		9BEDC9A1223DF8B5006CC253 /* main.swift */ = {isa = PBXFileReference; lastKnownFileType = sourcecode.swift; path = main.swift; sourceTree = "<group>"; };
		9BEDC9A8223DFBA5006CC253 /* TetrisMachine.swift */ = {isa = PBXFileReference; lastKnownFileType = sourcecode.swift; path = TetrisMachine.swift; sourceTree = "<group>"; };
		9BEDC9AA223DFBFD006CC253 /* TMCommondProtocol.swift */ = {isa = PBXFileReference; lastKnownFileType = sourcecode.swift; path = TMCommondProtocol.swift; sourceTree = "<group>"; };
		9BEDC9AC223DFC40006CC253 /* TMDynamicCommond.swift */ = {isa = PBXFileReference; lastKnownFileType = sourcecode.swift; path = TMDynamicCommond.swift; sourceTree = "<group>"; };
		9BEDC9AE223DFC7B006CC253 /* TMCommondManager.swift */ = {isa = PBXFileReference; lastKnownFileType = sourcecode.swift; path = TMCommondManager.swift; sourceTree = "<group>"; };
/* End PBXFileReference section */

/* Begin PBXFrameworksBuildPhase section */
		9BEDC99B223DF8B5006CC253 /* Frameworks */ = {
			isa = PBXFrameworksBuildPhase;
			buildActionMask = 2147483647;
			files = (
			);
			runOnlyForDeploymentPostprocessing = 0;
		};
/* End PBXFrameworksBuildPhase section */

/* Begin PBXGroup section */
		9BEDC995223DF8B5006CC253 = {
			isa = PBXGroup;
			children = (
				9BEDC9A0223DF8B5006CC253 /* DynamicCommond */,
				9BEDC99F223DF8B5006CC253 /* Products */,
			);
			sourceTree = "<group>";
		};
		9BEDC99F223DF8B5006CC253 /* Products */ = {
			isa = PBXGroup;
			children = (
				9BEDC99E223DF8B5006CC253 /* DynamicCommond */,
			);
			name = Products;
			sourceTree = "<group>";
		};
		9BEDC9A0223DF8B5006CC253 /* DynamicCommond */ = {
			isa = PBXGroup;
			children = (
				9BEDC9A1223DF8B5006CC253 /* main.swift */,
				9BEDC9A8223DFBA5006CC253 /* TetrisMachine.swift */,
				9BEDC9AA223DFBFD006CC253 /* TMCommondProtocol.swift */,
				9BEDC9AC223DFC40006CC253 /* TMDynamicCommond.swift */,
				9BEDC9AE223DFC7B006CC253 /* TMCommondManager.swift */,
			);
			path = DynamicCommond;
			sourceTree = "<group>";
		};
/* End PBXGroup section */

/* Begin PBXNativeTarget section */
		9BEDC99D223DF8B5006CC253 /* DynamicCommond */ = {
			isa = PBXNativeTarget;
			buildConfigurationList = 9BEDC9A5223DF8B5006CC253 /* Build configuration list for PBXNativeTarget "DynamicCommond" */;
			buildPhases = (
				9BEDC99A223DF8B5006CC253 /* Sources */,
				9BEDC99B223DF8B5006CC253 /* Frameworks */,
				9BEDC99C223DF8B5006CC253 /* CopyFiles */,
			);
			buildRules = (
			);
			dependencies = (
			);
			name = DynamicCommond;
			productName = DynamicCommond;
			productReference = 9BEDC99E223DF8B5006CC253 /* DynamicCommond */;
			productType = "com.apple.product-type.tool";
		};
/* End PBXNativeTarget section */

/* Begin PBXProject section */
		9BEDC996223DF8B5006CC253 /* Project object */ = {
			isa = PBXProject;
			attributes = {
				LastSwiftUpdateCheck = 1010;
				LastUpgradeCheck = 1010;
				ORGANIZATIONNAME = wanglei;
				TargetAttributes = {
					9BEDC99D223DF8B5006CC253 = {
						CreatedOnToolsVersion = 10.1;
					};
				};
			};
			buildConfigurationList = 9BEDC999223DF8B5006CC253 /* Build configuration list for PBXProject "DynamicCommond" */;
			compatibilityVersion = "Xcode 9.3";
			developmentRegion = en;
			hasScannedForEncodings = 0;
			knownRegions = (
				en,
			);
			mainGroup = 9BEDC995223DF8B5006CC253;
			productRefGroup = 9BEDC99F223DF8B5006CC253 /* Products */;
			projectDirPath = "";
			projectRoot = "";
			targets = (
				9BEDC99D223DF8B5006CC253 /* DynamicCommond */,
			);
		};
/* End PBXProject section */

/* Begin PBXSourcesBuildPhase section */
		9BEDC99A223DF8B5006CC253 /* Sources */ = {
			isa = PBXSourcesBuildPhase;
			buildActionMask = 2147483647;
			files = (
				9BEDC9AD223DFC40006CC253 /* TMDynamicCommond.swift in Sources */,
				9BEDC9A9223DFBA5006CC253 /* TetrisMachine.swift in Sources */,
				9BEDC9AB223DFBFD006CC253 /* TMCommondProtocol.swift in Sources */,
				9BEDC9AF223DFC7B006CC253 /* TMCommondManager.swift in Sources */,
				9BEDC9A2223DF8B5006CC253 /* main.swift in Sources */,
			);
			runOnlyForDeploymentPostprocessing = 0;
		};
/* End PBXSourcesBuildPhase section */

/* Begin XCBuildConfiguration section */
		9BEDC9A3223DF8B5006CC253 /* Debug */ = {
			isa = XCBuildConfiguration;
			buildSettings = {
				ALWAYS_SEARCH_USER_PATHS = NO;
				CLANG_ANALYZER_NONNULL = YES;
				CLANG_ANALYZER_NUMBER_OBJECT_CONVERSION = YES_AGGRESSIVE;
				CLANG_CXX_LANGUAGE_STANDARD = "gnu++14";
				CLANG_CXX_LIBRARY = "libc++";
				CLANG_ENABLE_MODULES = YES;
				CLANG_ENABLE_OBJC_ARC = YES;
				CLANG_ENABLE_OBJC_WEAK = YES;
				CLANG_WARN_BLOCK_CAPTURE_AUTORELEASING = YES;
				CLANG_WARN_BOOL_CONVERSION = YES;
				CLANG_WARN_COMMA = YES;
				CLANG_WARN_CONSTANT_CONVERSION = YES;
				CLANG_WARN_DEPRECATED_OBJC_IMPLEMENTATIONS = YES;
				CLANG_WARN_DIRECT_OBJC_ISA_USAGE = YES_ERROR;
				CLANG_WARN_DOCUMENTATION_COMMENTS = YES;
				CLANG_WARN_EMPTY_BODY = YES;
				CLANG_WARN_ENUM_CONVERSION = YES;
				CLANG_WARN_INFINITE_RECURSION = YES;
				CLANG_WARN_INT_CONVERSION = YES;
				CLANG_WARN_NON_LITERAL_NULL_CONVERSION = YES;
				CLANG_WARN_OBJC_IMPLICIT_RETAIN_SELF = YES;
				CLANG_WARN_OBJC_LITERAL_CONVERSION = YES;
				CLANG_WARN_OBJC_ROOT_CLASS = YES_ERROR;
				CLANG_WARN_RANGE_LOOP_ANALYSIS = YES;
				CLANG_WARN_STRICT_PROTOTYPES = YES;
				CLANG_WARN_SUSPICIOUS_MOVE = YES;
				CLANG_WARN_UNGUARDED_AVAILABILITY = YES_AGGRESSIVE;
				CLANG_WARN_UNREACHABLE_CODE = YES;
				CLANG_WARN__DUPLICATE_METHOD_MATCH = YES;
				CODE_SIGN_IDENTITY = "-";
				COPY_PHASE_STRIP = NO;
				DEBUG_INFORMATION_FORMAT = dwarf;
				ENABLE_STRICT_OBJC_MSGSEND = YES;
				ENABLE_TESTABILITY = YES;
				GCC_C_LANGUAGE_STANDARD = gnu11;
				GCC_DYNAMIC_NO_PIC = NO;
				GCC_NO_COMMON_BLOCKS = YES;
				GCC_OPTIMIZATION_LEVEL = 0;
				GCC_PREPROCESSOR_DEFINITIONS = (
					"DEBUG=1",
					"$(inherited)",
				);
				GCC_WARN_64_TO_32_BIT_CONVERSION = YES;
				GCC_WARN_ABOUT_RETURN_TYPE = YES_ERROR;
				GCC_WARN_UNDECLARED_SELECTOR = YES;
				GCC_WARN_UNINITIALIZED_AUTOS = YES_AGGRESSIVE;
				GCC_WARN_UNUSED_FUNCTION = YES;
				GCC_WARN_UNUSED_VARIABLE = YES;
				MACOSX_DEPLOYMENT_TARGET = 10.14;
				MTL_ENABLE_DEBUG_INFO = INCLUDE_SOURCE;
				MTL_FAST_MATH = YES;
				ONLY_ACTIVE_ARCH = YES;
				SDKROOT = macosx;
				SWIFT_ACTIVE_COMPILATION_CONDITIONS = DEBUG;
				SWIFT_OPTIMIZATION_LEVEL = "-Onone";
			};
			name = Debug;
		};
		9BEDC9A4223DF8B5006CC253 /* Release */ = {
			isa = XCBuildConfiguration;
			buildSettings = {
				ALWAYS_SEARCH_USER_PATHS = NO;
				CLANG_ANALYZER_NONNULL = YES;
				CLANG_ANALYZER_NUMBER_OBJECT_CONVERSION = YES_AGGRESSIVE;
				CLANG_CXX_LANGUAGE_STANDARD = "gnu++14";
				CLANG_CXX_LIBRARY = "libc++";
				CLANG_ENABLE_MODULES = YES;
				CLANG_ENABLE_OBJC_ARC = YES;
				CLANG_ENABLE_OBJC_WEAK = YES;
				CLANG_WARN_BLOCK_CAPTURE_AUTORELEASING = YES;
				CLANG_WARN_BOOL_CONVERSION = YES;
				CLANG_WARN_COMMA = YES;
				CLANG_WARN_CONSTANT_CONVERSION = YES;
				CLANG_WARN_DEPRECATED_OBJC_IMPLEMENTATIONS = YES;
				CLANG_WARN_DIRECT_OBJC_ISA_USAGE = YES_ERROR;
				CLANG_WARN_DOCUMENTATION_COMMENTS = YES;
				CLANG_WARN_EMPTY_BODY = YES;
				CLANG_WARN_ENUM_CONVERSION = YES;
				CLANG_WARN_INFINITE_RECURSION = YES;
				CLANG_WARN_INT_CONVERSION = YES;
				CLANG_WARN_NON_LITERAL_NULL_CONVERSION = YES;
				CLANG_WARN_OBJC_IMPLICIT_RETAIN_SELF = YES;
				CLANG_WARN_OBJC_LITERAL_CONVERSION = YES;
				CLANG_WARN_OBJC_ROOT_CLASS = YES_ERROR;
				CLANG_WARN_RANGE_LOOP_ANALYSIS = YES;
				CLANG_WARN_STRICT_PROTOTYPES = YES;
				CLANG_WARN_SUSPICIOUS_MOVE = YES;
				CLANG_WARN_UNGUARDED_AVAILABILITY = YES_AGGRESSIVE;
				CLANG_WARN_UNREACHABLE_CODE = YES;
				CLANG_WARN__DUPLICATE_METHOD_MATCH = YES;
				CODE_SIGN_IDENTITY = "-";
				COPY_PHASE_STRIP = NO;
				DEBUG_INFORMATION_FORMAT = "dwarf-with-dsym";
				ENABLE_NS_ASSERTIONS = NO;
				ENABLE_STRICT_OBJC_MSGSEND = YES;
				GCC_C_LANGUAGE_STANDARD = gnu11;
				GCC_NO_COMMON_BLOCKS = YES;
				GCC_WARN_64_TO_32_BIT_CONVERSION = YES;
				GCC_WARN_ABOUT_RETURN_TYPE = YES_ERROR;
				GCC_WARN_UNDECLARED_SELECTOR = YES;
				GCC_WARN_UNINITIALIZED_AUTOS = YES_AGGRESSIVE;
				GCC_WARN_UNUSED_FUNCTION = YES;
				GCC_WARN_UNUSED_VARIABLE = YES;
				MACOSX_DEPLOYMENT_TARGET = 10.14;
				MTL_ENABLE_DEBUG_INFO = NO;
				MTL_FAST_MATH = YES;
				SDKROOT = macosx;
				SWIFT_COMPILATION_MODE = wholemodule;
				SWIFT_OPTIMIZATION_LEVEL = "-O";
			};
			name = Release;
		};
		9BEDC9A6223DF8B5006CC253 /* Debug */ = {
			isa = XCBuildConfiguration;
			buildSettings = {
				CODE_SIGN_STYLE = Automatic;
				PRODUCT_NAME = "$(TARGET_NAME)";
				SWIFT_VERSION = 4.2;
			};
			name = Debug;
		};
		9BEDC9A7223DF8B5006CC253 /* Release */ = {
			isa = XCBuildConfiguration;
			buildSettings = {
				CODE_SIGN_STYLE = Automatic;
				PRODUCT_NAME = "$(TARGET_NAME)";
				SWIFT_VERSION = 4.2;
			};
			name = Release;
		};
/* End XCBuildConfiguration section */

/* Begin XCConfigurationList section */
		9BEDC999223DF8B5006CC253 /* Build configuration list for PBXProject "DynamicCommond" */ = {
			isa = XCConfigurationList;
			buildConfigurations = (
				9BEDC9A3223DF8B5006CC253 /* Debug */,
				9BEDC9A4223DF8B5006CC253 /* Release */,
			);
			defaultConfigurationIsVisible = 0;
			defaultConfigurationName = Release;
		};
		9BEDC9A5223DF8B5006CC253 /* Build configuration list for PBXNativeTarget "DynamicCommond" */ = {
			isa = XCConfigurationList;
			buildConfigurations = (
				9BEDC9A6223DF8B5006CC253 /* Debug */,
				9BEDC9A7223DF8B5006CC253 /* Release */,
			);
			defaultConfigurationIsVisible = 0;
			defaultConfigurationName = Release;
		};
/* End XCConfigurationList section */
	};
	rootObject = 9BEDC996223DF8B5006CC253 /* Project object */;
}
